
Microsoft Visual Studio Solution File, Format Version 12.00
# Visual Studio 2012
Project("{FAE04EC0-301F-11D3-BF4B-00C04F79EFBC}") = "Server", "Server\Server.csproj", "{CA0E1D5F-56D4-4E93-8026-EEC70D1263B6}"
EndProject
Global
	GlobalSection(SolutionConfigurationPlatforms) = preSolution
		Debug|x86 = Debug|x86
		Release|x86 = Release|x86
	EndGlobalSection
	GlobalSection(ProjectConfigurationPlatforms) = postSolution
		{CA0E1D5F-56D4-4E93-8026-EEC70D1263B6}.Debug|x86.ActiveCfg = Debug|x86
		{CA0E1D5F-56D4-4E93-8026-EEC70D1263B6}.Debug|x86.Build.0 = Debug|x86
		{CA0E1D5F-56D4-4E93-8026-EEC70D1263B6}.Release|x86.ActiveCfg = Release|x86
		{CA0E1D5F-56D4-4E93-8026-EEC70D1263B6}.Release|x86.Build.0 = Release|x86
	EndGlobalSection
EndGlobal
